
Microsoft Visual Studio Solution File, Format Version 12.00
# Visual Studio Version 17
VisualStudioVersion = 17.4.33403.182
MinimumVisualStudioVersion = 10.0.40219.1
Project("{9A19103F-16F7-4668-BE54-9A1E7A4F7556}") = "GoldGym", "GoldGym\GoldGym.csproj", "{7FE9A42E-9EB4-483D-B569-4BB808E27378}"
EndProject
Project("{00D1A9C2-B5F0-4AF3-8072-F6C62B433612}") = "GoldGymDatabase", "GoldGymDatabase\GoldGymDatabase.sqlproj", "{D5BF57BE-86D9-4205-990A-67F7519C32F9}"
EndProject
Global
	GlobalSection(SolutionConfigurationPlatforms) = preSolution
		Debug|Any CPU = Debug|Any CPU
		Release|Any CPU = Release|Any CPU
	EndGlobalSection
	GlobalSection(ProjectConfigurationPlatforms) = postSolution
		{7FE9A42E-9EB4-483D-B569-4BB808E27378}.Debug|Any CPU.ActiveCfg = Debug|Any CPU
		{7FE9A42E-9EB4-483D-B569-4BB808E27378}.Debug|Any CPU.Build.0 = Debug|Any CPU
		{7FE9A42E-9EB4-483D-B569-4BB808E27378}.Release|Any CPU.ActiveCfg = Release|Any CPU
		{7FE9A42E-9EB4-483D-B569-4BB808E27378}.Release|Any CPU.Build.0 = Release|Any CPU
		{D5BF57BE-86D9-4205-990A-67F7519C32F9}.Debug|Any CPU.ActiveCfg = Debug|Any CPU
		{D5BF57BE-86D9-4205-990A-67F7519C32F9}.Debug|Any CPU.Build.0 = Debug|Any CPU
		{D5BF57BE-86D9-4205-990A-67F7519C32F9}.Debug|Any CPU.Deploy.0 = Debug|Any CPU
		{D5BF57BE-86D9-4205-990A-67F7519C32F9}.Release|Any CPU.ActiveCfg = Release|Any CPU
		{D5BF57BE-86D9-4205-990A-67F7519C32F9}.Release|Any CPU.Build.0 = Release|Any CPU
		{D5BF57BE-86D9-4205-990A-67F7519C32F9}.Release|Any CPU.Deploy.0 = Release|Any CPU
	EndGlobalSection
	GlobalSection(SolutionProperties) = preSolution
		HideSolutionNode = FALSE
	EndGlobalSection
	GlobalSection(ExtensibilityGlobals) = postSolution
		SolutionGuid = {B278A66B-FF51-4E4E-A35E-01D39C350B03}
	EndGlobalSection
EndGlobal
